
Microsoft Visual Studio Solution File, Format Version 12.00
# Visual Studio Version 17
VisualStudioVersion = 17.13.35931.197
MinimumVisualStudioVersion = 10.0.40219.1
Project("{FAE04EC0-301F-11D3-BF4B-00C04F79EFBC}") = "ProductTrackerApp", "ProductTrackerApp.csproj", "{267AC55B-3EDC-494E-AE01-3630581B6C14}"
EndProject
Global
	GlobalSection(SolutionConfigurationPlatforms) = preSolution
		Debug|Any CPU = Debug|Any CPU
		Release|Any CPU = Release|Any CPU
	EndGlobalSection
	GlobalSection(ProjectConfigurationPlatforms) = postSolution
		{267AC55B-3EDC-494E-AE01-3630581B6C14}.Debug|Any CPU.ActiveCfg = Debug|Any CPU
		{267AC55B-3EDC-494E-AE01-3630581B6C14}.Debug|Any CPU.Build.0 = Debug|Any CPU
		{267AC55B-3EDC-494E-AE01-3630581B6C14}.Release|Any CPU.ActiveCfg = Release|Any CPU
		{267AC55B-3EDC-494E-AE01-3630581B6C14}.Release|Any CPU.Build.0 = Release|Any CPU
	EndGlobalSection
	GlobalSection(SolutionProperties) = preSolution
		HideSolutionNode = FALSE
	EndGlobalSection
	GlobalSection(ExtensibilityGlobals) = postSolution
		SolutionGuid = {BEB81B0F-93BD-4038-88BB-AAED44653125}
	EndGlobalSection
EndGlobal
